
Microsoft Visual Studio Solution File, Format Version 11.00
# Visual Studio 2010
Project("{FAE04EC0-301F-11D3-BF4B-00C04F79EFBC}") = "ImageHttpHandler", "ImageHttpHandler.csproj", "{D261AF85-0A5D-475E-99E2-8C00CF4DCD9E}"
EndProject
Global
	GlobalSection(SolutionConfigurationPlatforms) = preSolution
		Debug|Any CPU = Debug|Any CPU
		Release|Any CPU = Release|Any CPU
	EndGlobalSection
	GlobalSection(ProjectConfigurationPlatforms) = postSolution
		{D261AF85-0A5D-475E-99E2-8C00CF4DCD9E}.Debug|Any CPU.ActiveCfg = Debug|Any CPU
		{D261AF85-0A5D-475E-99E2-8C00CF4DCD9E}.Debug|Any CPU.Build.0 = Debug|Any CPU
		{D261AF85-0A5D-475E-99E2-8C00CF4DCD9E}.Release|Any CPU.ActiveCfg = Release|Any CPU
		{D261AF85-0A5D-475E-99E2-8C00CF4DCD9E}.Release|Any CPU.Build.0 = Release|Any CPU
	EndGlobalSection
	GlobalSection(SolutionProperties) = preSolution
		HideSolutionNode = FALSE
	EndGlobalSection
EndGlobal
